// !$*UTF8*$!
{
	archiveVersion = 1;
	classes = {
	};
	objectVersion = 39;
	objects = {
		010214CBFF8CF82E11CA0C5D = {
			expectedFileType = sourcecode.c.h;
			fileEncoding = 30;
			isa = PBXFileReference;
			path = Controller.h;
			refType = 4;
			sourceTree = "<group>";
		};
		010214CCFF8CF82E11CA0C5D = {
			expectedFileType = sourcecode.c.objc;
			fileEncoding = 30;
			isa = PBXFileReference;
			path = Controller.m;
			refType = 4;
			sourceTree = "<group>";
		};
		010214D1FF8D03C611CA0C5D = {
			expectedFileType = text.rtf;
			isa = PBXFileReference;
			path = README.rtf;
			refType = 4;
			sourceTree = "<group>";
		};
		010214D4FF8D2BF511CA0C5D = {
			expectedFileType = image.icns;
			isa = PBXFileReference;
			path = AppIcon.icns;
			refType = 4;
			sourceTree = "<group>";
		};
		01D4F812FFB7A9B411CA0CA4 = {
			buildRules = (
			);
			buildSettings = {
				COPY_PHASE_STRIP = NO;
				GCC_DYNAMIC_NO_PIC = NO;
				GCC_ENABLE_FIX_AND_CONTINUE = YES;
				GCC_GENERATE_DEBUGGING_SYMBOLS = YES;
				GCC_OPTIMIZATION_LEVEL = 0;
				OPTIMIZATION_CFLAGS = "-O0";
				ZERO_LINK = YES;
			};
			isa = PBXBuildStyle;
			name = Development;
		};
		01D4F813FFB7A9B411CA0CA4 = {
			buildRules = (
			);
			buildSettings = {
				COPY_PHASE_STRIP = YES;
				GCC_ENABLE_FIX_AND_CONTINUE = NO;
				ZERO_LINK = NO;
			};
			isa = PBXBuildStyle;
			name = Deployment;
		};
//010
//011
//012
//013
//014
//080
//081
//082
//083
//084
		080E96DDFE201D6D7F000001 = {
			children = (
				010214CCFF8CF82E11CA0C5D,
				010214CBFF8CF82E11CA0C5D,
			);
			isa = PBXGroup;
			name = Classes;
			refType = 4;
			sourceTree = "<group>";
		};
		089C165CFE840E0CC02AAC07 = {
			children = (
				089C165DFE840E0CC02AAC07,
			);
			isa = PBXVariantGroup;
			name = InfoPlist.strings;
			refType = 4;
			sourceTree = "<group>";
		};
		089C165DFE840E0CC02AAC07 = {
			expectedFileType = text.plist.strings;
			fileEncoding = 30;
			isa = PBXFileReference;
			name = English;
			path = English.lproj/InfoPlist.strings;
			refType = 4;
			sourceTree = "<group>";
		};
//080
//081
//082
//083
//084
//100
//101
//102
//103
//104
		1058C7A0FEA54F0111CA2CBB = {
			children = (
				1058C7A1FEA54F0111CA2CBB,
			);
			isa = PBXGroup;
			name = "Linked Frameworks";
			refType = 4;
			sourceTree = "<group>";
		};
		1058C7A1FEA54F0111CA2CBB = {
			expectedFileType = wrapper.framework;
			fallbackIsa = PBXFileReference;
			isa = PBXFrameworkReference;
			name = Cocoa.framework;
			path = /System/Library/Frameworks/Cocoa.framework;
			refType = 0;
			sourceTree = "<absolute>";
		};
		1058C7A2FEA54F0111CA2CBB = {
			children = (
				29B97325FDCFA39411CA2CEA,
				29B97324FDCFA39411CA2CEA,
			);
			isa = PBXGroup;
			name = "Other Frameworks";
			refType = 4;
			sourceTree = "<group>";
		};
//100
//101
//102
//103
//104
//190
//191
//192
//193
//194
		19C28FACFE9D520D11CA2CBB = {
			children = (
				731A13BC049A959700C919A3,
			);
			isa = PBXGroup;
			name = Products;
			refType = 4;
			sourceTree = "<group>";
		};
//190
//191
//192
//193
//194
//290
//291
//292
//293
//294
		29B97313FDCFA39411CA2CEA = {
			buildStyles = (
				01D4F812FFB7A9B411CA0CA4,
				01D4F813FFB7A9B411CA0CA4,
			);
			hasScannedForEncodings = 1;
			isa = PBXProject;
			mainGroup = 29B97314FDCFA39411CA2CEA;
			projectDirPath = "";
			targets = (
				731A13AB049A959700C919A3,
			);
		};
		29B97314FDCFA39411CA2CEA = {
			children = (
				010214D1FF8D03C611CA0C5D,
				080E96DDFE201D6D7F000001,
				29B97315FDCFA39411CA2CEA,
				29B97317FDCFA39411CA2CEA,
				29B97323FDCFA39411CA2CEA,
				19C28FACFE9D520D11CA2CBB,
				731A13A9049A958E00C919A3,
				731A13BB049A959700C919A3,
			);
			isa = PBXGroup;
			name = UserDefaults;
			path = "";
			refType = 4;
			sourceTree = "<group>";
		};
		29B97315FDCFA39411CA2CEA = {
			children = (
				29B97316FDCFA39411CA2CEA,
			);
			isa = PBXGroup;
			name = "Other Sources";
			path = "";
			refType = 4;
			sourceTree = "<group>";
		};
		29B97316FDCFA39411CA2CEA = {
			expectedFileType = sourcecode.c.objc;
			fileEncoding = 30;
			isa = PBXFileReference;
			path = main.m;
			refType = 4;
			sourceTree = "<group>";
		};
		29B97317FDCFA39411CA2CEA = {
			children = (
				010214D4FF8D2BF511CA0C5D,
				29B97318FDCFA39411CA2CEA,
				089C165CFE840E0CC02AAC07,
			);
			isa = PBXGroup;
			name = Resources;
			path = "";
			refType = 4;
			sourceTree = "<group>";
		};
		29B97318FDCFA39411CA2CEA = {
			children = (
				29B97319FDCFA39411CA2CEA,
			);
			isa = PBXVariantGroup;
			name = MainMenu.nib;
			path = "";
			refType = 4;
			sourceTree = "<group>";
		};
		29B97319FDCFA39411CA2CEA = {
			expectedFileType = wrapper.nib;
			isa = PBXFileReference;
			name = English;
			path = English.lproj/MainMenu.nib;
			refType = 4;
			sourceTree = "<group>";
		};
		29B97323FDCFA39411CA2CEA = {
			children = (
				1058C7A0FEA54F0111CA2CBB,
				1058C7A2FEA54F0111CA2CBB,
			);
			isa = PBXGroup;
			name = Frameworks;
			path = "";
			refType = 4;
			sourceTree = "<group>";
		};
		29B97324FDCFA39411CA2CEA = {
			expectedFileType = wrapper.framework;
			fallbackIsa = PBXFileReference;
			isa = PBXFrameworkReference;
			name = AppKit.framework;
			path = /System/Library/Frameworks/AppKit.framework;
			refType = 0;
			sourceTree = "<absolute>";
		};
		29B97325FDCFA39411CA2CEA = {
			expectedFileType = wrapper.framework;
			fallbackIsa = PBXFileReference;
			isa = PBXFrameworkReference;
			name = Foundation.framework;
			path = /System/Library/Frameworks/Foundation.framework;
			refType = 0;
			sourceTree = "<absolute>";
		};
//290
//291
//292
//293
//294
//730
//731
//732
//733
//734
		731A13A9049A958E00C919A3 = {
			expectedFileType = sourcecode.c.h;
			fileEncoding = 30;
			isa = PBXFileReference;
			path = Prefix.h;
			refType = 4;
			sourceTree = "<group>";
		};
		731A13AB049A959700C919A3 = {
			buildPhases = (
				731A13AC049A959700C919A3,
				731A13AF049A959700C919A3,
				731A13B4049A959700C919A3,
				731A13B7049A959700C919A3,
				731A13B9049A959700C919A3,
			);
			buildRules = (
				734E632E049E68D000C919A3,
			);
			buildSettings = {
				FRAMEWORK_SEARCH_PATHS = "";
				GCC_PRECOMPILE_PREFIX_HEADER = YES;
				GCC_PREFIX_HEADER = Prefix.h;
				GCC_WARN_FOUR_CHARACTER_CONSTANTS = NO;
				GCC_WARN_UNKNOWN_PRAGMAS = NO;
				HEADER_SEARCH_PATHS = "";
				INFOPLIST_FILE = "Info-UserDefaults__Upgraded_.plist";
				INSTALL_PATH = "$(HOME)/Applications";
				LIBRARY_SEARCH_PATHS = "";
				OTHER_CFLAGS = "";
				OTHER_LDFLAGS = "";
				PRODUCT_NAME = UserDefaults;
				SECTORDER_FLAGS = "";
				WARNING_CFLAGS = "-Wmost";
				WRAPPER_EXTENSION = app;
			};
			dependencies = (
			);
			isa = PBXNativeTarget;
			name = UserDefaults;
			productInstallPath = "$(HOME)/Applications";
			productName = UserDefaults;
			productReference = 731A13BC049A959700C919A3;
			productType = "com.apple.product-type.application";
		};
		731A13AC049A959700C919A3 = {
			buildActionMask = 2147483647;
			files = (
				731A13AD049A959700C919A3,
				731A13AE049A959700C919A3,
			);
			isa = PBXHeadersBuildPhase;
			runOnlyForDeploymentPostprocessing = 0;
		};
		731A13AD049A959700C919A3 = {
			fileRef = 010214CBFF8CF82E11CA0C5D;
			isa = PBXBuildFile;
			settings = {
			};
		};
		731A13AE049A959700C919A3 = {
			fileRef = 731A13A9049A958E00C919A3;
			isa = PBXBuildFile;
			settings = {
			};
		};
		731A13AF049A959700C919A3 = {
			buildActionMask = 2147483647;
			files = (
				731A13B0049A959700C919A3,
				731A13B1049A959700C919A3,
				731A13B2049A959700C919A3,
				731A13B3049A959700C919A3,
			);
			isa = PBXResourcesBuildPhase;
			runOnlyForDeploymentPostprocessing = 0;
		};
		731A13B0049A959700C919A3 = {
			fileRef = 29B97318FDCFA39411CA2CEA;
			isa = PBXBuildFile;
			settings = {
			};
		};
		731A13B1049A959700C919A3 = {
			fileRef = 089C165CFE840E0CC02AAC07;
			isa = PBXBuildFile;
			settings = {
			};
		};
		731A13B2049A959700C919A3 = {
			fileRef = 010214D1FF8D03C611CA0C5D;
			isa = PBXBuildFile;
			settings = {
			};
		};
		731A13B3049A959700C919A3 = {
			fileRef = 010214D4FF8D2BF511CA0C5D;
			isa = PBXBuildFile;
			settings = {
			};
		};
		731A13B4049A959700C919A3 = {
			buildActionMask = 2147483647;
			files = (
				731A13B5049A959700C919A3,
				731A13B6049A959700C919A3,
			);
			isa = PBXSourcesBuildPhase;
			runOnlyForDeploymentPostprocessing = 0;
		};
		731A13B5049A959700C919A3 = {
			fileRef = 29B97316FDCFA39411CA2CEA;
			isa = PBXBuildFile;
			settings = {
				ATTRIBUTES = (
				);
			};
		};
		731A13B6049A959700C919A3 = {
			fileRef = 010214CCFF8CF82E11CA0C5D;
			isa = PBXBuildFile;
			settings = {
				ATTRIBUTES = (
				);
			};
		};
		731A13B7049A959700C919A3 = {
			buildActionMask = 2147483647;
			files = (
				731A13B8049A959700C919A3,
			);
			isa = PBXFrameworksBuildPhase;
			runOnlyForDeploymentPostprocessing = 0;
		};
		731A13B8049A959700C919A3 = {
			fileRef = 1058C7A1FEA54F0111CA2CBB;
			isa = PBXBuildFile;
			settings = {
			};
		};
		731A13B9049A959700C919A3 = {
			buildActionMask = 2147483647;
			files = (
			);
			isa = PBXRezBuildPhase;
			runOnlyForDeploymentPostprocessing = 0;
		};
		731A13BB049A959700C919A3 = {
			expectedFileType = text.plist;
			isa = PBXFileReference;
			path = "Info-UserDefaults__Upgraded_.plist";
			refType = 4;
			sourceTree = "<group>";
		};
		731A13BC049A959700C919A3 = {
			expectedFileType = wrapper.application;
			includeInIndex = 0;
			isa = PBXFileReference;
			path = UserDefaults.app;
			refType = 3;
			sourceTree = BUILT_PRODUCTS_DIR;
		};
		734E632E049E68D000C919A3 = {
			compilerSpec = com.apple.compilers.gcc.3_3;
			fileType = sourcecode.c;
			isEditable = 1;
			isa = PBXBuildRule;
			outputFiles = (
			);
		};
	};
	rootObject = 29B97313FDCFA39411CA2CEA;
}
